Microsoft Visual Studio Solution File, Format Version 12.00
# Visual Studio Version 17
VisualStudioVersion = 17.0.31903.59
MinimumVisualStudioVersion = 10.0.40219.1
Project("{FAE04EC0-301F-11D3-BF4B-00C04F79EFBC}") = "InstantTranslate.App", "src\InstantTranslate.App\InstantTranslate.App.csproj", "{E2A51A25-50EC-4CD9-A822-491BED102F73}"
EndProject
Project("{FAE04EC0-301F-11D3-BF4B-00C04F79EFBC}") = "InstantTranslate.Tests", "tests\InstantTranslate.Tests\InstantTranslate.Tests.csproj", "{039FB51E-DDE5-4438-A81B-7D1611097980}"
EndProject
Global
	GlobalSection(SolutionConfigurationPlatforms) = preSolution
		Debug|Any CPU = Debug|Any CPU
		Release|Any CPU = Release|Any CPU
	EndGlobalSection
	GlobalSection(ProjectConfigurationPlatforms) = postSolution
		{E2A51A25-50EC-4CD9-A822-491BED102F73}.Debug|Any CPU.ActiveCfg = Debug|Any CPU
		{E2A51A25-50EC-4CD9-A822-491BED102F73}.Debug|Any CPU.Build.0 = Debug|Any CPU
		{E2A51A25-50EC-4CD9-A822-491BED102F73}.Release|Any CPU.ActiveCfg = Release|Any CPU
		{E2A51A25-50EC-4CD9-A822-491BED102F73}.Release|Any CPU.Build.0 = Release|Any CPU
		{039FB51E-DDE5-4438-A81B-7D1611097980}.Debug|Any CPU.ActiveCfg = Debug|Any CPU
		{039FB51E-DDE5-4438-A81B-7D1611097980}.Debug|Any CPU.Build.0 = Debug|Any CPU
		{039FB51E-DDE5-4438-A81B-7D1611097980}.Release|Any CPU.ActiveCfg = Release|Any CPU
		{039FB51E-DDE5-4438-A81B-7D1611097980}.Release|Any CPU.Build.0 = Release|Any CPU
	EndGlobalSection
EndGlobal
